
Microsoft Visual Studio Solution File, Format Version 12.00
# Visual Studio 15
VisualStudioVersion = 15.0.26730.12
MinimumVisualStudioVersion = 10.0.40219.1
Project("{2150E333-8FDC-42A3-9474-1A3956D46DE8}") = "02 - Business", "02 - Business", "{DA055C07-BF29-412A-A66E-9B1444A2C6A0}"
EndProject
Project("{2150E333-8FDC-42A3-9474-1A3956D46DE8}") = "01 - Infrastructure", "01 - Infrastructure", "{7B3A2A3F-E687-4439-B0A2-F14805DDDA24}"
EndProject
Project("{2150E333-8FDC-42A3-9474-1A3956D46DE8}") = "03 - Presentation", "03 - Presentation", "{72C8272B-4661-4749-B5F6-6B74BD22257B}"
EndProject
Project("{FAE04EC0-301F-11D3-BF4B-00C04F79EFBC}") = "Knife.Service", "Knife.Services\Knife.Service.csproj", "{9A22FEF0-1CAA-44D4-9AFA-799D36A5BA5E}"
EndProject
Project("{FAE04EC0-301F-11D3-BF4B-00C04F79EFBC}") = "Knife.Data", "Knife.Data\Knife.Data.csproj", "{E338A291-4FCD-4BD8-AABB-84958EFF26BD}"
EndProject
Project("{FAE04EC0-301F-11D3-BF4B-00C04F79EFBC}") = "Knife.Dto", "Knife.Dto\Knife.Dto.csproj", "{28D0C1F9-690E-4BD6-8AB9-4FAE81DE0BA1}"
EndProject
Project("{FAE04EC0-301F-11D3-BF4B-00C04F79EFBC}") = "Knife.Logging", "Knife.Logging\Knife.Logging.csproj", "{D22B555E-A031-4EFF-9FE0-139F761D32CF}"
EndProject
Project("{FAE04EC0-301F-11D3-BF4B-00C04F79EFBC}") = "Knife.Web", "Knife.Web\Knife.Web.csproj", "{D10B4691-FBB0-46C3-8340-09D0E29399BA}"
EndProject
Project("{FAE04EC0-301F-11D3-BF4B-00C04F79EFBC}") = "Knife.Admin", "Knife.Admin\Knife.Admin.csproj", "{A67E2733-BD74-4CD2-B272-CA5EE23EC753}"
EndProject
Global
	GlobalSection(SolutionConfigurationPlatforms) = preSolution
		Debug|Any CPU = Debug|Any CPU
		Release|Any CPU = Release|Any CPU
	EndGlobalSection
	GlobalSection(ProjectConfigurationPlatforms) = postSolution
		{9A22FEF0-1CAA-44D4-9AFA-799D36A5BA5E}.Debug|Any CPU.ActiveCfg = Debug|Any CPU
		{9A22FEF0-1CAA-44D4-9AFA-799D36A5BA5E}.Debug|Any CPU.Build.0 = Debug|Any CPU
		{9A22FEF0-1CAA-44D4-9AFA-799D36A5BA5E}.Release|Any CPU.ActiveCfg = Release|Any CPU
		{9A22FEF0-1CAA-44D4-9AFA-799D36A5BA5E}.Release|Any CPU.Build.0 = Release|Any CPU
		{E338A291-4FCD-4BD8-AABB-84958EFF26BD}.Debug|Any CPU.ActiveCfg = Debug|Any CPU
		{E338A291-4FCD-4BD8-AABB-84958EFF26BD}.Debug|Any CPU.Build.0 = Debug|Any CPU
		{E338A291-4FCD-4BD8-AABB-84958EFF26BD}.Release|Any CPU.ActiveCfg = Release|Any CPU
		{E338A291-4FCD-4BD8-AABB-84958EFF26BD}.Release|Any CPU.Build.0 = Release|Any CPU
		{28D0C1F9-690E-4BD6-8AB9-4FAE81DE0BA1}.Debug|Any CPU.ActiveCfg = Debug|Any CPU
		{28D0C1F9-690E-4BD6-8AB9-4FAE81DE0BA1}.Debug|Any CPU.Build.0 = Debug|Any CPU
		{28D0C1F9-690E-4BD6-8AB9-4FAE81DE0BA1}.Release|Any CPU.ActiveCfg = Release|Any CPU
		{28D0C1F9-690E-4BD6-8AB9-4FAE81DE0BA1}.Release|Any CPU.Build.0 = Release|Any CPU
		{D22B555E-A031-4EFF-9FE0-139F761D32CF}.Debug|Any CPU.ActiveCfg = Debug|Any CPU
		{D22B555E-A031-4EFF-9FE0-139F761D32CF}.Debug|Any CPU.Build.0 = Debug|Any CPU
		{D22B555E-A031-4EFF-9FE0-139F761D32CF}.Release|Any CPU.ActiveCfg = Release|Any CPU
		{D22B555E-A031-4EFF-9FE0-139F761D32CF}.Release|Any CPU.Build.0 = Release|Any CPU
		{D10B4691-FBB0-46C3-8340-09D0E29399BA}.Debug|Any CPU.ActiveCfg = Debug|Any CPU
		{D10B4691-FBB0-46C3-8340-09D0E29399BA}.Debug|Any CPU.Build.0 = Debug|Any CPU
		{D10B4691-FBB0-46C3-8340-09D0E29399BA}.Release|Any CPU.ActiveCfg = Release|Any CPU
		{D10B4691-FBB0-46C3-8340-09D0E29399BA}.Release|Any CPU.Build.0 = Release|Any CPU
		{A67E2733-BD74-4CD2-B272-CA5EE23EC753}.Debug|Any CPU.ActiveCfg = Debug|Any CPU
		{A67E2733-BD74-4CD2-B272-CA5EE23EC753}.Debug|Any CPU.Build.0 = Debug|Any CPU
		{A67E2733-BD74-4CD2-B272-CA5EE23EC753}.Release|Any CPU.ActiveCfg = Release|Any CPU
		{A67E2733-BD74-4CD2-B272-CA5EE23EC753}.Release|Any CPU.Build.0 = Release|Any CPU
	EndGlobalSection
	GlobalSection(SolutionProperties) = preSolution
		HideSolutionNode = FALSE
	EndGlobalSection
	GlobalSection(NestedProjects) = preSolution
		{9A22FEF0-1CAA-44D4-9AFA-799D36A5BA5E} = {DA055C07-BF29-412A-A66E-9B1444A2C6A0}
		{E338A291-4FCD-4BD8-AABB-84958EFF26BD} = {7B3A2A3F-E687-4439-B0A2-F14805DDDA24}
		{28D0C1F9-690E-4BD6-8AB9-4FAE81DE0BA1} = {7B3A2A3F-E687-4439-B0A2-F14805DDDA24}
		{D22B555E-A031-4EFF-9FE0-139F761D32CF} = {7B3A2A3F-E687-4439-B0A2-F14805DDDA24}
		{D10B4691-FBB0-46C3-8340-09D0E29399BA} = {72C8272B-4661-4749-B5F6-6B74BD22257B}
		{A67E2733-BD74-4CD2-B272-CA5EE23EC753} = {72C8272B-4661-4749-B5F6-6B74BD22257B}
	EndGlobalSection
	GlobalSection(ExtensibilityGlobals) = postSolution
		SolutionGuid = {802694CF-176B-4929-A763-789D4C349F51}
	EndGlobalSection
EndGlobal
